{
  "name": "ecmascript-update",
  "version": "1.0.0",
  "lockfileVersion": 1,
  "requires": true,
  "dependencies": {
    "fontfaceobserver": {
      "version": "2.0.13",
      "resolved": "https://registry.npmjs.org/fontfaceobserver/-/fontfaceobserver-2.0.13.tgz",
      "integrity": "sha1-R627NDJh7amMtE2yFSGW/xJNMiE="
    },
    "gluon-keybinding": {
      "version": "0.0.2",
      "resolved": "https://registry.npmjs.org/gluon-keybinding/-/gluon-keybinding-0.0.2.tgz",
      "integrity": "sha1-pfjd9V7uGDOgJ58hUwgMh4yGLHs=",
      "requires": {
        "gluonjs": "^2.0.0-preview.4"
      }
    },
    "gluon-router": {
      "version": "1.0.1",
      "resolved": "https://registry.npmjs.org/gluon-router/-/gluon-router-1.0.1.tgz",
      "integrity": "sha512-cbxisxMaq3LBn9FlzpirmtXNyYVUa+LTlky2Ufrcyq65njaCf3zk4nHvw7Yh9+pciIqjPacCQB2mbKdGF540OA=="
    },
    "gluonjs": {
      "version": "2.2.2",
      "resolved": "https://registry.npmjs.org/gluonjs/-/gluonjs-2.2.2.tgz",
      "integrity": "sha512-C8Roqf87mReNqL2/9a4ONIowazoeh7PwcuRkKuLn7IsK1BPoS7oCXxTzwS7d0vLyiPGbVmqATGGkXOXtyrIrWA==",
      "requires": {
        "lit-html": "^0.9.0"
      }
    },
    "lit-html": {
      "version": "0.9.0",
      "resolved": "https://registry.npmjs.org/lit-html/-/lit-html-0.9.0.tgz",
      "integrity": "sha512-j0W8WNcf/VRsC+vxeZwgh4KfztQ2gqLF5a80G85qdffnKQ0yTC2IQpU3FRmFjRdRTezvszb1rGMm7jScMc2Mog=="
    },
    "slidem": {
      "version": "1.2.0",
      "resolved": "https://registry.npmjs.org/slidem/-/slidem-1.2.0.tgz",
      "integrity": "sha512-nHUvhCGng6tcdlOjyPQLxddRiV3VvnKWyl/NY11beAr6K1U3EbGP1ZrVwKR6QQLmaM910MW5FeXxz98bHOwsSw==",
      "requires": {
        "fontfaceobserver": "^2.0.13",
        "gluon-keybinding": "^0.0.2",
        "gluon-router": "^1.0.1",
        "gluonjs": "^2.2.2"
      }
    }
  }
}
